
Microsoft Visual Studio Solution File, Format Version 12.00
# Visual Studio Version 17
VisualStudioVersion = 17.1.32210.238
MinimumVisualStudioVersion = 10.0.40219.1
Project("{FAE04EC0-301F-11D3-BF4B-00C04F79EFBC}") = "Classes", "Classes\Classes.csproj", "{776587C3-9FA7-45CC-AA63-D24B1909EF7A}"
EndProject
Global
	GlobalSection(SolutionConfigurationPlatforms) = preSolution
		Debug|Any CPU = Debug|Any CPU
		Release|Any CPU = Release|Any CPU
	EndGlobalSection
	GlobalSection(ProjectConfigurationPlatforms) = postSolution
		{776587C3-9FA7-45CC-AA63-D24B1909EF7A}.Debug|Any CPU.ActiveCfg = Debug|Any CPU
		{776587C3-9FA7-45CC-AA63-D24B1909EF7A}.Debug|Any CPU.Build.0 = Debug|Any CPU
		{776587C3-9FA7-45CC-AA63-D24B1909EF7A}.Release|Any CPU.ActiveCfg = Release|Any CPU
		{776587C3-9FA7-45CC-AA63-D24B1909EF7A}.Release|Any CPU.Build.0 = Release|Any CPU
	EndGlobalSection
	GlobalSection(SolutionProperties) = preSolution
		HideSolutionNode = FALSE
	EndGlobalSection
	GlobalSection(ExtensibilityGlobals) = postSolution
		SolutionGuid = {826EEEA0-575D-487E-B0A7-3FCFFE7C50F8}
	EndGlobalSection
EndGlobal
